
Microsoft Visual Studio Solution File, Format Version 12.00
# Visual Studio Version 17
VisualStudioVersion = 17.5.33530.505
MinimumVisualStudioVersion = 10.0.40219.1
Project("{FAE04EC0-301F-11D3-BF4B-00C04F79EFBC}") = "Example", "Example\Example.csproj", "{FE6DE682-6C7A-4C99-B1E3-D1E67FEF2906}"
EndProject
Global
	GlobalSection(SolutionConfigurationPlatforms) = preSolution
		Debug|Any CPU = Debug|Any CPU
		Release|Any CPU = Release|Any CPU
	EndGlobalSection
	GlobalSection(ProjectConfigurationPlatforms) = postSolution
		{FE6DE682-6C7A-4C99-B1E3-D1E67FEF2906}.Debug|Any CPU.ActiveCfg = Debug|Any CPU
		{FE6DE682-6C7A-4C99-B1E3-D1E67FEF2906}.Debug|Any CPU.Build.0 = Debug|Any CPU
		{FE6DE682-6C7A-4C99-B1E3-D1E67FEF2906}.Release|Any CPU.ActiveCfg = Release|Any CPU
		{FE6DE682-6C7A-4C99-B1E3-D1E67FEF2906}.Release|Any CPU.Build.0 = Release|Any CPU
	EndGlobalSection
	GlobalSection(SolutionProperties) = preSolution
		HideSolutionNode = FALSE
	EndGlobalSection
	GlobalSection(ExtensibilityGlobals) = postSolution
		SolutionGuid = {6AC9611E-AF95-4FB8-9100-B6659FD6D24E}
	EndGlobalSection
EndGlobal
