
Microsoft Visual Studio Solution File, Format Version 12.00
# Visual Studio Version 17
VisualStudioVersion = 17.5.33530.505
MinimumVisualStudioVersion = 10.0.40219.1
Project("{FAE04EC0-301F-11D3-BF4B-00C04F79EFBC}") = "JsonTraining", "JsonTraining\JsonTraining.csproj", "{58671320-3741-42E4-BFAA-875631E84F90}"
EndProject
Global
	GlobalSection(SolutionConfigurationPlatforms) = preSolution
		Debug|Any CPU = Debug|Any CPU
		Release|Any CPU = Release|Any CPU
	EndGlobalSection
	GlobalSection(ProjectConfigurationPlatforms) = postSolution
		{58671320-3741-42E4-BFAA-875631E84F90}.Debug|Any CPU.ActiveCfg = Debug|Any CPU
		{58671320-3741-42E4-BFAA-875631E84F90}.Debug|Any CPU.Build.0 = Debug|Any CPU
		{58671320-3741-42E4-BFAA-875631E84F90}.Release|Any CPU.ActiveCfg = Release|Any CPU
		{58671320-3741-42E4-BFAA-875631E84F90}.Release|Any CPU.Build.0 = Release|Any CPU
	EndGlobalSection
	GlobalSection(SolutionProperties) = preSolution
		HideSolutionNode = FALSE
	EndGlobalSection
	GlobalSection(ExtensibilityGlobals) = postSolution
		SolutionGuid = {F6652A0F-3331-41CA-A0C9-373EF0F7DF5A}
	EndGlobalSection
EndGlobal
