
Microsoft Visual Studio Solution File, Format Version 12.00
# Visual Studio Version 17
VisualStudioVersion = 17.5.33530.505
MinimumVisualStudioVersion = 10.0.40219.1
Project("{FAE04EC0-301F-11D3-BF4B-00C04F79EFBC}") = "Mapper", "Mapper\Mapper.csproj", "{B89ABBD4-A109-4B26-932A-42E1BDBB110E}"
EndProject
Global
	GlobalSection(SolutionConfigurationPlatforms) = preSolution
		Debug|Any CPU = Debug|Any CPU
		Release|Any CPU = Release|Any CPU
	EndGlobalSection
	GlobalSection(ProjectConfigurationPlatforms) = postSolution
		{B89ABBD4-A109-4B26-932A-42E1BDBB110E}.Debug|Any CPU.ActiveCfg = Debug|Any CPU
		{B89ABBD4-A109-4B26-932A-42E1BDBB110E}.Debug|Any CPU.Build.0 = Debug|Any CPU
		{B89ABBD4-A109-4B26-932A-42E1BDBB110E}.Release|Any CPU.ActiveCfg = Release|Any CPU
		{B89ABBD4-A109-4B26-932A-42E1BDBB110E}.Release|Any CPU.Build.0 = Release|Any CPU
	EndGlobalSection
	GlobalSection(SolutionProperties) = preSolution
		HideSolutionNode = FALSE
	EndGlobalSection
	GlobalSection(ExtensibilityGlobals) = postSolution
		SolutionGuid = {81E6749C-8E41-420D-B478-511FFA85213E}
	EndGlobalSection
EndGlobal
